
Microsoft Visual Studio Solution File, Format Version 12.00
Project("{FAE04EC0-301F-11D3-BF4B-00C04F79EFBC}") = "Laba4", "Laba4\Laba4.csproj", "{85C9761E-7535-4919-8A07-604AD7FA06F5}"
EndProject
Project("{FAE04EC0-301F-11D3-BF4B-00C04F79EFBC}") = "Laba4Tests", "Laba4Tests\Laba4Tests.csproj", "{BD125BDA-4CA1-41F7-916A-E3E6E5D137B0}"
EndProject
Global
	GlobalSection(SolutionConfigurationPlatforms) = preSolution
		Debug|Any CPU = Debug|Any CPU
		Release|Any CPU = Release|Any CPU
	EndGlobalSection
	GlobalSection(ProjectConfigurationPlatforms) = postSolution
		{85C9761E-7535-4919-8A07-604AD7FA06F5}.Debug|Any CPU.ActiveCfg = Debug|Any CPU
		{85C9761E-7535-4919-8A07-604AD7FA06F5}.Debug|Any CPU.Build.0 = Debug|Any CPU
		{85C9761E-7535-4919-8A07-604AD7FA06F5}.Release|Any CPU.ActiveCfg = Release|Any CPU
		{85C9761E-7535-4919-8A07-604AD7FA06F5}.Release|Any CPU.Build.0 = Release|Any CPU
		{BD125BDA-4CA1-41F7-916A-E3E6E5D137B0}.Debug|Any CPU.ActiveCfg = Debug|Any CPU
		{BD125BDA-4CA1-41F7-916A-E3E6E5D137B0}.Debug|Any CPU.Build.0 = Debug|Any CPU
		{BD125BDA-4CA1-41F7-916A-E3E6E5D137B0}.Release|Any CPU.ActiveCfg = Release|Any CPU
		{BD125BDA-4CA1-41F7-916A-E3E6E5D137B0}.Release|Any CPU.Build.0 = Release|Any CPU
	EndGlobalSection
EndGlobal
