
Microsoft Visual Studio Solution File, Format Version 12.00
Project("{FAE04EC0-301F-11D3-BF4B-00C04F79EFBC}") = "laba3", "laba3\laba3.csproj", "{BDC71A4C-6EE1-44DC-BEB4-3E3F8C9EB448}"
EndProject
Global
	GlobalSection(SolutionConfigurationPlatforms) = preSolution
		Debug|Any CPU = Debug|Any CPU
		Release|Any CPU = Release|Any CPU
	EndGlobalSection
	GlobalSection(ProjectConfigurationPlatforms) = postSolution
		{BDC71A4C-6EE1-44DC-BEB4-3E3F8C9EB448}.Debug|Any CPU.ActiveCfg = Debug|Any CPU
		{BDC71A4C-6EE1-44DC-BEB4-3E3F8C9EB448}.Debug|Any CPU.Build.0 = Debug|Any CPU
		{BDC71A4C-6EE1-44DC-BEB4-3E3F8C9EB448}.Release|Any CPU.ActiveCfg = Release|Any CPU
		{BDC71A4C-6EE1-44DC-BEB4-3E3F8C9EB448}.Release|Any CPU.Build.0 = Release|Any CPU
	EndGlobalSection
EndGlobal
